// !$*UTF8*$!
{
	archiveVersion = 1;
	classes = {
	};
	objectVersion = 39;
	objects = {
		02218D9AFECEFA92C02AAC07 = {
			children = (
				026ED79C05D932E50001D1D2,
				026ED7A705D932E50001D1D2,
				2A37F4B9FDCFA73011CA2CEA,
				2A37F4B6FDCFA73011CA2CEA,
				2A37F4B4FDCFA73011CA2CEA,
				089C165FFE840EACC02AAC07,
			);
			isa = PBXGroup;
			name = Resources;
			refType = 4;
			sourceTree = "<group>";
		};
		023701D7062056080087E765 = {
			isa = PBXFileReference;
			lastKnownFileType = archive.jar;
			name = "log4j-1.2.8.jar";
			path = "lib/log4j-1.2.8.jar";
			refType = 4;
			sourceTree = "<group>";
		};
		023701D8062056080087E765 = {
			fileRef = 023701D7062056080087E765;
			isa = PBXBuildFile;
			settings = {
			};
		};
		023701ED062056EF0087E765 = {
			fileRef = 023701D7062056080087E765;
			isa = PBXBuildFile;
			settings = {
			};
		};
		02370211062059920087E765 = {
			fileEncoding = 4;
			isa = PBXFileReference;
			lastKnownFileType = text;
			name = log4j.properties;
			path = lib/log4j.properties;
			refType = 4;
			sourceTree = "<group>";
		};
		0237023006205C5B0087E765 = {
			fileRef = 02370211062059920087E765;
			isa = PBXBuildFile;
			settings = {
			};
		};
		0237024606205EE30087E765 = {
			fileRef = 02370211062059920087E765;
			isa = PBXBuildFile;
			settings = {
			};
		};
		0237A2CE07B66682003D9778 = {
			fileEncoding = 4;
			isa = PBXFileReference;
			lastKnownFileType = sourcecode.java;
			path = CocoaUtils.java;
			refType = 4;
			sourceTree = "<group>";
		};
		0237A2CF07B66682003D9778 = {
			fileRef = 0237A2CE07B66682003D9778;
			isa = PBXBuildFile;
			settings = {
			};
		};
		023F05BC07AD1592005A4D0A = {
			fileEncoding = 4;
			isa = PBXFileReference;
			lastKnownFileType = sourcecode.java;
			path = MyFamily.java;
			refType = 4;
			sourceTree = "<group>";
		};
		023F05BD07AD1592005A4D0A = {
			fileRef = 023F05BC07AD1592005A4D0A;
			isa = PBXBuildFile;
			settings = {
			};
		};
		023F05C007AD16B5005A4D0A = {
			fileEncoding = 4;
			isa = PBXFileReference;
			lastKnownFileType = sourcecode.java;
			path = MultimediaLink.java;
			refType = 4;
			sourceTree = "<group>";
		};
		023F05C107AD16B5005A4D0A = {
			fileRef = 023F05C007AD16B5005A4D0A;
			isa = PBXBuildFile;
			settings = {
			};
		};
		024E77CF0782F44800B7A2CC = {
			fileEncoding = 4;
			isa = PBXFileReference;
			lastKnownFileType = sourcecode.java;
			path = MultimediaUtils.java;
			refType = 4;
			sourceTree = "<group>";
		};
		024E77D00782F44800B7A2CC = {
			fileRef = 024E77CF0782F44800B7A2CC;
			isa = PBXBuildFile;
			settings = {
			};
		};
		0250C09B07AC858500AC3629 = {
			children = (
				0250C09C07AC858500AC3629,
			);
			isa = PBXGroup;
			path = validation;
			refType = 4;
			sourceTree = "<group>";
		};
		0250C09C07AC858500AC3629 = {
			fileEncoding = 4;
			isa = PBXFileReference;
			lastKnownFileType = sourcecode.java;
			path = UnknownGedcomLinkException.java;
			refType = 4;
			sourceTree = "<group>";
		};
		0250C09D07AC858500AC3629 = {
			fileRef = 0250C09C07AC858500AC3629;
			isa = PBXBuildFile;
			settings = {
			};
		};
		025957D206FE4C61002B654B = {
			fileEncoding = 4;
			isa = PBXFileReference;
			lastKnownFileType = sourcecode.java;
			name = SortableTableViewController.java;
			path = src/SortableTableViewController.java;
			refType = 4;
			sourceTree = "<group>";
		};
		025957D306FE4C62002B654B = {
			fileRef = 025957D206FE4C61002B654B;
			isa = PBXBuildFile;
			settings = {
			};
		};
		026BF51707AD765200CBA37C = {
			isa = PBXFileReference;
			lastKnownFileType = image.png;
			path = Family.png;
			refType = 4;
			sourceTree = "<group>";
		};
		026BF51807AD765200CBA37C = {
			fileRef = 026BF51707AD765200CBA37C;
			isa = PBXBuildFile;
			settings = {
			};
		};
		026BF51907AD992300CBA37C = {
			isa = PBXFileReference;
			lastKnownFileType = image.png;
			path = Individual.png;
			refType = 4;
			sourceTree = "<group>";
		};
		026BF51A07AD992300CBA37C = {
			fileRef = 026BF51907AD992300CBA37C;
			isa = PBXBuildFile;
			settings = {
			};
		};
		026ED71205D932BC0001D1D2 = {
			fileEncoding = 4;
			isa = PBXFileReference;
			lastKnownFileType = sourcecode.java;
			name = ApplicationUtilities.java;
			path = src/ApplicationUtilities.java;
			refType = 4;
			sourceTree = "<group>";
		};
		026ED73C05D932BD0001D1D2 = {
			fileEncoding = 4;
			isa = PBXFileReference;
			lastKnownFileType = sourcecode.java;
			name = FamilyEditController.java;
			path = src/FamilyEditController.java;
			refType = 4;
			sourceTree = "<group>";
		};
		026ED73D05D932BD0001D1D2 = {
			fileEncoding = 4;
			isa = PBXFileReference;
			lastKnownFileType = sourcecode.java;
			name = FamilyGroupSheetView.java;
			path = src/FamilyGroupSheetView.java;
			refType = 4;
			sourceTree = "<group>";
		};
		026ED73E05D932BD0001D1D2 = {
			fileEncoding = 4;
			isa = PBXFileReference;
			lastKnownFileType = sourcecode.java;
			name = FamilyList.java;
			path = src/FamilyList.java;
			refType = 4;
			sourceTree = "<group>";
		};
		026ED73F05D932BD0001D1D2 = {
			children = (
				026ED74005D932BD0001D1D2,
				026ED74105D932BD0001D1D2,
				026ED74205D932BD0001D1D2,
				026ED74305D932BD0001D1D2,
			);
			isa = PBXGroup;
			name = gedml;
			path = src/gedml;
			refType = 4;
			sourceTree = "<group>";
		};
		026ED74005D932BD0001D1D2 = {
			fileEncoding = 4;
			isa = PBXFileReference;
			lastKnownFileType = sourcecode.java;
			path = AnselInputStreamReader.java;
			refType = 4;
			sourceTree = "<group>";
		};
		026ED74105D932BD0001D1D2 = {
			fileEncoding = 4;
			isa = PBXFileReference;
			lastKnownFileType = sourcecode.java;
			path = AnselOutputStreamWriter.java;
			refType = 4;
			sourceTree = "<group>";
		};
		026ED74205D932BD0001D1D2 = {
			fileEncoding = 4;
			isa = PBXFileReference;
			lastKnownFileType = sourcecode.java;
			path = GedcomOutputter.java;
			refType = 4;
			sourceTree = "<group>";
		};
		026ED74305D932BD0001D1D2 = {
			fileEncoding = 4;
			isa = PBXFileReference;
			lastKnownFileType = sourcecode.java;
			path = GedcomParser.java;
			refType = 4;
			sourceTree = "<group>";
		};
		026ED74405D932BD0001D1D2 = {
			fileEncoding = 4;
			isa = PBXFileReference;
			lastKnownFileType = sourcecode.java;
			name = ImportController.java;
			path = src/ImportController.java;
			refType = 4;
			sourceTree = "<group>";
		};
		026ED74505D932BD0001D1D2 = {
			fileEncoding = 4;
			isa = PBXFileReference;
			lastKnownFileType = sourcecode.java;
			name = IndividualEditController.java;
			path = src/IndividualEditController.java;
			refType = 4;
			sourceTree = "<group>";
		};
		026ED74605D932BD0001D1D2 = {
			fileEncoding = 4;
			isa = PBXFileReference;
			lastKnownFileType = sourcecode.java;
			name = IndividualList.java;
			path = src/IndividualList.java;
			refType = 4;
			sourceTree = "<group>";
		};
		026ED74705D932BD0001D1D2 = {
			fileEncoding = 4;
			isa = PBXFileReference;
			lastKnownFileType = sourcecode.java;
			name = IndividualSummaryView.java;
			path = src/IndividualSummaryView.java;
			refType = 4;
			sourceTree = "<group>";
		};
		026ED74805D932BD0001D1D2 = {
			fileEncoding = 4;
			isa = PBXFileReference;
			lastKnownFileType = sourcecode.java;
			name = PedigreeView.java;
			path = src/PedigreeView.java;
			refType = 4;
			sourceTree = "<group>";
		};
		026ED74905D932BD0001D1D2 = {
			fileEncoding = 4;
			isa = PBXFileReference;
			lastKnownFileType = sourcecode.java;
			name = ReportsController.java;
			path = src/ReportsController.java;
			refType = 4;
			sourceTree = "<group>";
		};
		026ED74A05D932BD0001D1D2 = {
			fileEncoding = 4;
			isa = PBXFileReference;
			lastKnownFileType = sourcecode.java;
			name = TestData.java;
			path = src/TestData.java;
			refType = 4;
			sourceTree = "<group>";
		};
		026ED74C05D932BD0001D1D2 = {
			fileRef = 026ED71205D932BC0001D1D2;
			isa = PBXBuildFile;
			settings = {
			};
		};
		026ED77205D932BD0001D1D2 = {
			fileRef = 026ED73C05D932BD0001D1D2;
			isa = PBXBuildFile;
			settings = {
			};
		};
		026ED77305D932BD0001D1D2 = {
			fileRef = 026ED73D05D932BD0001D1D2;
			isa = PBXBuildFile;
			settings = {
			};
		};
		026ED77405D932BD0001D1D2 = {
			fileRef = 026ED73E05D932BD0001D1D2;
			isa = PBXBuildFile;
			settings = {
			};
		};
		026ED77505D932BD0001D1D2 = {
			fileRef = 026ED74005D932BD0001D1D2;
			isa = PBXBuildFile;
			settings = {
			};
		};
		026ED77605D932BD0001D1D2 = {
			fileRef = 026ED74105D932BD0001D1D2;
			isa = PBXBuildFile;
			settings = {
			};
		};
		026ED77705D932BD0001D1D2 = {
			fileRef = 026ED74205D932BD0001D1D2;
			isa = PBXBuildFile;
			settings = {
			};
		};
		026ED77805D932BD0001D1D2 = {
			fileRef = 026ED74305D932BD0001D1D2;
			isa = PBXBuildFile;
			settings = {
			};
		};
		026ED77905D932BD0001D1D2 = {
			fileRef = 026ED74405D932BD0001D1D2;
			isa = PBXBuildFile;
			settings = {
			};
		};
		026ED77A05D932BD0001D1D2 = {
			fileRef = 026ED74505D932BD0001D1D2;
			isa = PBXBuildFile;
			settings = {
			};
		};
		026ED77B05D932BD0001D1D2 = {
			fileRef = 026ED74605D932BD0001D1D2;
			isa = PBXBuildFile;
			settings = {
			};
		};
		026ED77C05D932BD0001D1D2 = {
			fileRef = 026ED74705D932BD0001D1D2;
			isa = PBXBuildFile;
			settings = {
			};
		};
		026ED77D05D932BD0001D1D2 = {
			fileRef = 026ED74805D932BD0001D1D2;
			isa = PBXBuildFile;
			settings = {
			};
		};
		026ED77E05D932BD0001D1D2 = {
			fileRef = 026ED74905D932BD0001D1D2;
			isa = PBXBuildFile;
			settings = {
			};
		};
		026ED77F05D932BD0001D1D2 = {
			fileRef = 026ED74A05D932BD0001D1D2;
			isa = PBXBuildFile;
			settings = {
			};
		};
		026ED79C05D932E50001D1D2 = {
			children = (
				026BF51907AD992300CBA37C,
				026BF51707AD765200CBA37C,
				027D36B00707D41E00F146F8,
				027D36B10707D41E00F146F8,
				027D36B20707D41E00F146F8,
				027D36B30707D41E00F146F8,
				027D36AC0707D2BE00F146F8,
				027D36AD0707D2BE00F146F8,
				026ED7A305D932E50001D1D2,
				026ED7A505D932E50001D1D2,
				026ED7A605D932E50001D1D2,
			);
			isa = PBXGroup;
			path = images;
			refType = 4;
			sourceTree = "<group>";
		};
		026ED7A305D932E50001D1D2 = {
			isa = PBXFileReference;
			lastKnownFileType = image.gif;
			path = notepad.gif;
			refType = 4;
			sourceTree = "<group>";
		};
		026ED7A505D932E50001D1D2 = {
			isa = PBXFileReference;
			lastKnownFileType = image.gif;
			path = tree.gif;
			refType = 4;
			sourceTree = "<group>";
		};
		026ED7A605D932E50001D1D2 = {
			isa = PBXFileReference;
			lastKnownFileType = image.icns;
			path = Tree.icns;
			refType = 4;
			sourceTree = "<group>";
		};
		026ED7A705D932E50001D1D2 = {
			children = (
				026ED7A805D932E50001D1D2,
				026ED7A905D932E50001D1D2,
				026ED7AF05D932E50001D1D2,
				026ED7B005D932E50001D1D2,
				026ED7B105D932E50001D1D2,
				026ED7B205D932E50001D1D2,
				026ED7B305D932E50001D1D2,
				026ED7B405D932E50001D1D2,
				026ED7B505D932E50001D1D2,
				026ED7B605D932E50001D1D2,
				026ED7B705D932E50001D1D2,
			);
			isa = PBXGroup;
			path = resources;
			refType = 4;
			sourceTree = "<group>";
		};
		026ED7A805D932E50001D1D2 = {
			fileEncoding = 4;
			isa = PBXFileReference;
			lastKnownFileType = text.xml;
			path = GedcomToHtml.xsl;
			refType = 4;
			sourceTree = "<group>";
		};
		026ED7A905D932E50001D1D2 = {
			fileEncoding = 4;
			isa = PBXFileReference;
			lastKnownFileType = text.xml;
			path = GedcomToXml.xsl;
			refType = 4;
			sourceTree = "<group>";
		};
		026ED7AF05D932E50001D1D2 = {
			fileEncoding = 4;
			isa = PBXFileReference;
			lastKnownFileType = text.xml;
			path = "Temple Codes (official).xml";
			refType = 4;
			sourceTree = "<group>";
		};
		026ED7B005D932E50001D1D2 = {
			fileEncoding = 4;
			isa = PBXFileReference;
			lastKnownFileType = text;
			path = "Temple Codes.csv";
			refType = 4;
			sourceTree = "<group>";
		};
		026ED7B105D932E50001D1D2 = {
			isa = PBXFileReference;
			lastKnownFileType = file;
			path = "Temple Codes.xls";
			refType = 4;
			sourceTree = "<group>";
		};
		026ED7B205D932E50001D1D2 = {
			fileEncoding = 4;
			isa = PBXFileReference;
			lastKnownFileType = text;
			path = "Temple List";
			refType = 4;
			sourceTree = "<group>";
		};
		026ED7B305D932E50001D1D2 = {
			fileEncoding = 4;
			isa = PBXFileReference;
			lastKnownFileType = text;
			path = "Temple List.csv";
			refType = 4;
			sourceTree = "<group>";
		};
		026ED7B405D932E50001D1D2 = {
			fileEncoding = 4;
			isa = PBXFileReference;
			lastKnownFileType = text.xml;
			path = "Temple List.plist";
			refType = 4;
			sourceTree = "<group>";
		};
		026ED7B505D932E50001D1D2 = {
			fileEncoding = 4;
			isa = PBXFileReference;
			lastKnownFileType = text.xml;
			path = "temple-mapping.xml";
			refType = 4;
			sourceTree = "<group>";
		};
		026ED7B605D932E50001D1D2 = {
			fileEncoding = 4;
			isa = PBXFileReference;
			lastKnownFileType = text.xml;
			path = TempleList.xml;
			refType = 4;
			sourceTree = "<group>";
		};
		026ED7B705D932E50001D1D2 = {
			fileEncoding = 4;
			isa = PBXFileReference;
			lastKnownFileType = text.xml;
			path = XmlToGedcom.xsl;
			refType = 4;
			sourceTree = "<group>";
		};
		026ED7D805D932E50001D1D2 = {
			fileRef = 026ED7A305D932E50001D1D2;
			isa = PBXBuildFile;
			settings = {
			};
		};
		026ED7DA05D932E50001D1D2 = {
			fileRef = 026ED7A505D932E50001D1D2;
			isa = PBXBuildFile;
			settings = {
			};
		};
		026ED7DB05D932E50001D1D2 = {
			fileRef = 026ED7A605D932E50001D1D2;
			isa = PBXBuildFile;
			settings = {
			};
		};
		026ED7DC05D932E50001D1D2 = {
			fileRef = 026ED7A805D932E50001D1D2;
			isa = PBXBuildFile;
			settings = {
			};
		};
		026ED7DD05D932E50001D1D2 = {
			fileRef = 026ED7A905D932E50001D1D2;
			isa = PBXBuildFile;
			settings = {
			};
		};
		026ED7E105D932E50001D1D2 = {
			fileRef = 026ED7AF05D932E50001D1D2;
			isa = PBXBuildFile;
			settings = {
			};
		};
		026ED7E205D932E50001D1D2 = {
			fileRef = 026ED7B005D932E50001D1D2;
			isa = PBXBuildFile;
			settings = {
			};
		};
		026ED7E305D932E50001D1D2 = {
			fileRef = 026ED7B105D932E50001D1D2;
			isa = PBXBuildFile;
			settings = {
			};
		};
		026ED7E405D932E50001D1D2 = {
			fileRef = 026ED7B205D932E50001D1D2;
			isa = PBXBuildFile;
			settings = {
			};
		};
		026ED7E505D932E50001D1D2 = {
			fileRef = 026ED7B305D932E50001D1D2;
			isa = PBXBuildFile;
			settings = {
			};
		};
		026ED7E605D932E50001D1D2 = {
			fileRef = 026ED7B405D932E50001D1D2;
			isa = PBXBuildFile;
			settings = {
			};
		};
		026ED7E705D932E50001D1D2 = {
			fileRef = 026ED7B505D932E50001D1D2;
			isa = PBXBuildFile;
			settings = {
			};
		};
		026ED7E805D932E50001D1D2 = {
			fileRef = 026ED7B605D932E50001D1D2;
			isa = PBXBuildFile;
			settings = {
			};
		};
		026ED7E905D932E50001D1D2 = {
			fileRef = 026ED7B705D932E50001D1D2;
			isa = PBXBuildFile;
			settings = {
			};
		};
		026ED7F205D9330B0001D1D2 = {
			isa = PBXFileReference;
			lastKnownFileType = archive.jar;
			name = "castor-0.9.4.3.jar";
			path = "lib/castor-0.9.4.3.jar";
			refType = 4;
			sourceTree = "<group>";
		};
		026ED7F305D9330B0001D1D2 = {
			isa = PBXFileReference;
			lastKnownFileType = archive.jar;
			name = gedcom.jar;
			path = lib/gedcom.jar;
			refType = 4;
			sourceTree = "<group>";
		};
		026ED7F405D9330B0001D1D2 = {
			isa = PBXFileReference;
			lastKnownFileType = archive.jar;
			name = "jaxen-core.jar";
			path = "lib/jaxen-core.jar";
			refType = 4;
			sourceTree = "<group>";
		};
		026ED7F505D9330B0001D1D2 = {
			isa = PBXFileReference;
			lastKnownFileType = archive.jar;
			name = "jaxen-jdom.jar";
			path = "lib/jaxen-jdom.jar";
			refType = 4;
			sourceTree = "<group>";
		};
		026ED7F605D9330B0001D1D2 = {
			isa = PBXFileReference;
			lastKnownFileType = archive.jar;
			name = jdom.jar;
			path = lib/jdom.jar;
			refType = 4;
			sourceTree = "<group>";
		};
		026ED7F705D9330B0001D1D2 = {
			isa = PBXFileReference;
			lastKnownFileType = archive.jar;
			name = saxpath.jar;
			path = lib/saxpath.jar;
			refType = 4;
			sourceTree = "<group>";
		};
		026ED7F905D9330B0001D1D2 = {
			fileRef = 026ED7F205D9330B0001D1D2;
			isa = PBXBuildFile;
			settings = {
			};
		};
		026ED7FA05D9330B0001D1D2 = {
			fileRef = 026ED7F305D9330B0001D1D2;
			isa = PBXBuildFile;
			settings = {
			};
		};
		026ED7FB05D9330B0001D1D2 = {
			fileRef = 026ED7F405D9330B0001D1D2;
			isa = PBXBuildFile;
			settings = {
			};
		};
		026ED7FC05D9330B0001D1D2 = {
			fileRef = 026ED7F505D9330B0001D1D2;
			isa = PBXBuildFile;
			settings = {
			};
		};
		026ED7FD05D9330B0001D1D2 = {
			fileRef = 026ED7F605D9330B0001D1D2;
			isa = PBXBuildFile;
			settings = {
			};
		};
		026ED7FE05D9330B0001D1D2 = {
			fileRef = 026ED7F705D9330B0001D1D2;
			isa = PBXBuildFile;
			settings = {
			};
		};
		02753D02066A46890059C930 = {
			fileEncoding = 4;
			isa = PBXFileReference;
			lastKnownFileType = sourcecode.java;
			name = PocketPedigreeView.java;
			path = src/PocketPedigreeView.java;
			refType = 4;
			sourceTree = "<group>";
		};
		02753D03066A46890059C930 = {
			fileRef = 02753D02066A46890059C930;
			isa = PBXBuildFile;
			settings = {
			};
		};
		027C6AD405D9445900C91D7B = {
			buildActionMask = 2147483647;
			dstPath = lib;
			dstSubfolderSpec = 15;
			files = (
				027C6AD905D9447B00C91D7B,
				027C6ADA05D9447B00C91D7B,
				027C6ADB05D9447B00C91D7B,
				027C6ADC05D9447B00C91D7B,
				027C6ADD05D9447B00C91D7B,
				027C6ADE05D9447B00C91D7B,
				02C50B5306212E8700B54464,
				02C50B5406212E8700B54464,
				02C50B5506212E8700B54464,
				023701ED062056EF0087E765,
				0237024606205EE30087E765,
			);
			isa = PBXCopyFilesBuildPhase;
			runOnlyForDeploymentPostprocessing = 0;
		};
		027C6AD905D9447B00C91D7B = {
			fileRef = 026ED7F205D9330B0001D1D2;
			isa = PBXBuildFile;
			settings = {
			};
		};
		027C6ADA05D9447B00C91D7B = {
			fileRef = 026ED7F305D9330B0001D1D2;
			isa = PBXBuildFile;
			settings = {
			};
		};
		027C6ADB05D9447B00C91D7B = {
			fileRef = 026ED7F405D9330B0001D1D2;
			isa = PBXBuildFile;
			settings = {
			};
		};
		027C6ADC05D9447B00C91D7B = {
			fileRef = 026ED7F505D9330B0001D1D2;
			isa = PBXBuildFile;
			settings = {
			};
		};
		027C6ADD05D9447B00C91D7B = {
			fileRef = 026ED7F605D9330B0001D1D2;
			isa = PBXBuildFile;
			settings = {
			};
		};
		027C6ADE05D9447B00C91D7B = {
			fileRef = 026ED7F705D9330B0001D1D2;
			isa = PBXBuildFile;
			settings = {
			};
		};
		027D36AA0707D05600F146F8 = {
			fileEncoding = 4;
			isa = PBXFileReference;
			lastKnownFileType = sourcecode.java;
			name = MainToolbar.java;
			path = src/MainToolbar.java;
			refType = 4;
			sourceTree = "<group>";
		};
		027D36AB0707D05600F146F8 = {
			fileRef = 027D36AA0707D05600F146F8;
			isa = PBXBuildFile;
			settings = {
			};
		};
		027D36AC0707D2BE00F146F8 = {
			isa = PBXFileReference;
			lastKnownFileType = image.tiff;
			path = "Disc Add.tiff";
			refType = 4;
			sourceTree = "<group>";
		};
		027D36AD0707D2BE00F146F8 = {
			isa = PBXFileReference;
			lastKnownFileType = image.tiff;
			path = Drawer.tiff;
			refType = 4;
			sourceTree = "<group>";
		};
		027D36AE0707D2BE00F146F8 = {
			fileRef = 027D36AC0707D2BE00F146F8;
			isa = PBXBuildFile;
			settings = {
			};
		};
		027D36AF0707D2BE00F146F8 = {
			fileRef = 027D36AD0707D2BE00F146F8;
			isa = PBXBuildFile;
			settings = {
			};
		};
		027D36B00707D41E00F146F8 = {
			isa = PBXFileReference;
			lastKnownFileType = image.tiff;
			path = "Badge Add.tiff";
			refType = 4;
			sourceTree = "<group>";
		};
		027D36B10707D41E00F146F8 = {
			isa = PBXFileReference;
			lastKnownFileType = image.tiff;
			path = "Magnifing Glass.tiff";
			refType = 4;
			sourceTree = "<group>";
		};
		027D36B20707D41E00F146F8 = {
			isa = PBXFileReference;
			lastKnownFileType = file;
			path = "Metal Window.psd";
			refType = 4;
			sourceTree = "<group>";
		};
		027D36B30707D41E00F146F8 = {
			isa = PBXFileReference;
			lastKnownFileType = file;
			path = Page.psd;
			refType = 4;
			sourceTree = "<group>";
		};
		027D36B40707D41E00F146F8 = {
			fileRef = 027D36B00707D41E00F146F8;
			isa = PBXBuildFile;
			settings = {
			};
		};
		027D36B50707D41E00F146F8 = {
			fileRef = 027D36B10707D41E00F146F8;
			isa = PBXBuildFile;
			settings = {
			};
		};
		027D36B60707D41E00F146F8 = {
			fileRef = 027D36B20707D41E00F146F8;
			isa = PBXBuildFile;
			settings = {
			};
		};
		027D36B70707D42100F146F8 = {
			fileRef = 027D36B30707D41E00F146F8;
			isa = PBXBuildFile;
			settings = {
			};
		};
		02907685060568E800F1763A = {
			fileEncoding = 4;
			isa = PBXFileReference;
			lastKnownFileType = sourcecode.java;
			name = IndividualDetailController.java;
			path = src/IndividualDetailController.java;
			refType = 4;
			sourceTree = "<group>";
		};
		02907686060568E800F1763A = {
			fileRef = 02907685060568E800F1763A;
			isa = PBXBuildFile;
			settings = {
			};
		};
		02B3D17A077B11CD0069077B = {
			children = (
				02B3D17B077B11CD0069077B,
			);
			isa = PBXGroup;
			name = com;
			path = src/com;
			refType = 4;
			sourceTree = "<group>";
		};
		02B3D17B077B11CD0069077B = {
			children = (
				02B3D17C077B11CD0069077B,
			);
			isa = PBXGroup;
			path = redbugz;
			refType = 4;
			sourceTree = "<group>";
		};
		02B3D17C077B11CD0069077B = {
			children = (
				023F05C007AD16B5005A4D0A,
				02B3D17D077B11CD0069077B,
				02B3D17E077B11CD0069077B,
				02B3D17F077B11CD0069077B,
				02B3D180077B11CD0069077B,
				02B3D181077B11CD0069077B,
				02B3D182077B11CD0069077B,
				02B3D183077B11CE0069077B,
				02B3D19A077B11CE0069077B,
				02B3D19B077B11CE0069077B,
				02B3D19C077B11CE0069077B,
				02B3D19D077B11CE0069077B,
				02B3D19E077B11CE0069077B,
				02B3D19F077B11CE0069077B,
				02B3D1A0077B11CE0069077B,
				02B3D1A1077B11CE0069077B,
				02B3D1A2077B11CE0069077B,
				02B3D1A3077B11CF0069077B,
				02B3D1A4077B11CF0069077B,
				02B3D1A5077B11CF0069077B,
				02B3D1A6077B11CF0069077B,
				02B3D1A7077B11CF0069077B,
				02B3D1B0077B11CF0069077B,
				0250C09B07AC858500AC3629,
			);
			isa = PBXGroup;
			path = macpaf;
			refType = 4;
			sourceTree = "<group>";
		};
		02B3D17D077B11CD0069077B = {
			fileEncoding = 4;
			isa = PBXFileReference;
			lastKnownFileType = sourcecode.java;
			path = Address.java;
			refType = 4;
			sourceTree = "<group>";
		};
		02B3D17E077B11CD0069077B = {
			fileEncoding = 4;
			isa = PBXFileReference;
			lastKnownFileType = sourcecode.java;
			path = Event.java;
			refType = 4;
			sourceTree = "<group>";
		};
		02B3D17F077B11CD0069077B = {
			fileEncoding = 4;
			isa = PBXFileReference;
			lastKnownFileType = sourcecode.java;
			path = Family.java;
			refType = 4;
			sourceTree = "<group>";
		};
		02B3D180077B11CD0069077B = {
			fileEncoding = 4;
			isa = PBXFileReference;
			lastKnownFileType = sourcecode.java;
			path = Gender.java;
			refType = 4;
			sourceTree = "<group>";
		};
		02B3D181077B11CD0069077B = {
			fileEncoding = 4;
			isa = PBXFileReference;
			lastKnownFileType = sourcecode.java;
			path = Header.java;
			refType = 4;
			sourceTree = "<group>";
		};
		02B3D182077B11CD0069077B = {
			fileEncoding = 4;
			isa = PBXFileReference;
			lastKnownFileType = sourcecode.java;
			path = Individual.java;
			refType = 4;
			sourceTree = "<group>";
		};
		02B3D183077B11CE0069077B = {
			children = (
				02B3D184077B11CE0069077B,
				02B3D185077B11CE0069077B,
				02B3D186077B11CE0069077B,
				02B3D187077B11CE0069077B,
				02B3D188077B11CE0069077B,
				02B3D189077B11CE0069077B,
				02B3D18A077B11CE0069077B,
				02B3D18B077B11CE0069077B,
				02B3D18C077B11CE0069077B,
				02B3D18D077B11CE0069077B,
				02B3D18E077B11CE0069077B,
				02B3D18F077B11CE0069077B,
				02B3D190077B11CE0069077B,
				02B3D191077B11CE0069077B,
				02B3D192077B11CE0069077B,
				02B3D193077B11CE0069077B,
				02B3D194077B11CE0069077B,
				02B3D195077B11CE0069077B,
				02B3D196077B11CE0069077B,
				02B3D197077B11CE0069077B,
				02B3D198077B11CE0069077B,
				02B3D199077B11CE0069077B,
			);
			isa = PBXGroup;
			path = jdom;
			refType = 4;
			sourceTree = "<group>";
		};
		02B3D184077B11CE0069077B = {
			fileEncoding = 4;
			isa = PBXFileReference;
			lastKnownFileType = sourcecode.java;
			path = AddressJDOM.java;
			refType = 4;
			sourceTree = "<group>";
		};
		02B3D185077B11CE0069077B = {
			fileEncoding = 4;
			isa = PBXFileReference;
			lastKnownFileType = sourcecode.java;
			path = EventJDOM.java;
			refType = 4;
			sourceTree = "<group>";
		};
		02B3D186077B11CE0069077B = {
			fileEncoding = 4;
			isa = PBXFileReference;
			lastKnownFileType = sourcecode.java;
			path = FamilyJDOM.java;
			refType = 4;
			sourceTree = "<group>";
		};
		02B3D187077B11CE0069077B = {
			fileEncoding = 4;
			isa = PBXFileReference;
			lastKnownFileType = sourcecode.java;
			path = FamilyLink.java;
			refType = 4;
			sourceTree = "<group>";
		};
		02B3D188077B11CE0069077B = {
			fileEncoding = 4;
			isa = PBXFileReference;
			lastKnownFileType = sourcecode.java;
			path = HeaderJDOM.java;
			refType = 4;
			sourceTree = "<group>";
		};
		02B3D189077B11CE0069077B = {
			fileEncoding = 4;
			isa = PBXFileReference;
			lastKnownFileType = sourcecode.java;
			path = IndividualJDOM.java;
			refType = 4;
			sourceTree = "<group>";
		};
		02B3D18A077B11CE0069077B = {
			fileEncoding = 4;
			isa = PBXFileReference;
			lastKnownFileType = sourcecode.java;
			path = IndividualLink.java;
			refType = 4;
			sourceTree = "<group>";
		};
		02B3D18B077B11CE0069077B = {
			fileEncoding = 4;
			isa = PBXFileReference;
			lastKnownFileType = sourcecode.java;
			path = MacPAFDocumentJDOM.java;
			refType = 4;
			sourceTree = "<group>";
		};
		02B3D18C077B11CE0069077B = {
			fileEncoding = 4;
			isa = PBXFileReference;
			lastKnownFileType = sourcecode.java;
			path = MultimediaJDOM.java;
			refType = 4;
			sourceTree = "<group>";
		};
		02B3D18D077B11CE0069077B = {
			fileEncoding = 4;
			isa = PBXFileReference;
			lastKnownFileType = sourcecode.java;
			path = MultimediaLink.java;
			refType = 4;
			sourceTree = "<group>";
		};
		02B3D18E077B11CE0069077B = {
			fileEncoding = 4;
			isa = PBXFileReference;
			lastKnownFileType = sourcecode.java;
			path = NoteJDOM.java;
			refType = 4;
			sourceTree = "<group>";
		};
		02B3D18F077B11CE0069077B = {
			fileEncoding = 4;
			isa = PBXFileReference;
			lastKnownFileType = sourcecode.java;
			path = NoteLink.java;
			refType = 4;
			sourceTree = "<group>";
		};
		02B3D190077B11CE0069077B = {
			fileEncoding = 4;
			isa = PBXFileReference;
			lastKnownFileType = sourcecode.java;
			path = OrdinanceJDOM.java;
			refType = 4;
			sourceTree = "<group>";
		};
		02B3D191077B11CE0069077B = {
			fileEncoding = 4;
			isa = PBXFileReference;
			lastKnownFileType = sourcecode.java;
			path = PlaceJDOM.java;
			refType = 4;
			sourceTree = "<group>";
		};
		02B3D192077B11CE0069077B = {
			fileEncoding = 4;
			isa = PBXFileReference;
			lastKnownFileType = sourcecode.java;
			path = RepositoryJDOM.java;
			refType = 4;
			sourceTree = "<group>";
		};
		02B3D193077B11CE0069077B = {
			fileEncoding = 4;
			isa = PBXFileReference;
			lastKnownFileType = sourcecode.java;
			path = RepositoryLink.java;
			refType = 4;
			sourceTree = "<group>";
		};
		02B3D194077B11CE0069077B = {
			fileEncoding = 4;
			isa = PBXFileReference;
			lastKnownFileType = sourcecode.java;
			path = SourceJDOM.java;
			refType = 4;
			sourceTree = "<group>";
		};
		02B3D195077B11CE0069077B = {
			fileEncoding = 4;
			isa = PBXFileReference;
			lastKnownFileType = sourcecode.java;
			path = SourceLink.java;
			refType = 4;
			sourceTree = "<group>";
		};
		02B3D196077B11CE0069077B = {
			fileEncoding = 4;
			isa = PBXFileReference;
			lastKnownFileType = sourcecode.java;
			path = SubmissionJDOM.java;
			refType = 4;
			sourceTree = "<group>";
		};
		02B3D197077B11CE0069077B = {
			fileEncoding = 4;
			isa = PBXFileReference;
			lastKnownFileType = sourcecode.java;
			path = SubmitterJDOM.java;
			refType = 4;
			sourceTree = "<group>";
		};
		02B3D198077B11CE0069077B = {
			fileEncoding = 4;
			isa = PBXFileReference;
			lastKnownFileType = sourcecode.java;
			path = SubmitterLink.java;
			refType = 4;
			sourceTree = "<group>";
		};
		02B3D199077B11CE0069077B = {
			fileEncoding = 4;
			isa = PBXFileReference;
			lastKnownFileType = sourcecode.java;
			path = TempleJDOM.java;
			refType = 4;
			sourceTree = "<group>";
		};
		02B3D19A077B11CE0069077B = {
			fileEncoding = 4;
			isa = PBXFileReference;
			lastKnownFileType = sourcecode.java;
			path = LocationList.java;
			refType = 4;
			sourceTree = "<group>";
		};
		02B3D19B077B11CE0069077B = {
			fileEncoding = 4;
			isa = PBXFileReference;
			lastKnownFileType = sourcecode.java;
			path = Multimedia.java;
			refType = 4;
			sourceTree = "<group>";
		};
		02B3D19C077B11CE0069077B = {
			fileEncoding = 4;
			isa = PBXFileReference;
			lastKnownFileType = sourcecode.java;
			path = Note.java;
			refType = 4;
			sourceTree = "<group>";
		};
		02B3D19D077B11CE0069077B = {
			fileEncoding = 4;
			isa = PBXFileReference;
			lastKnownFileType = sourcecode.java;
			path = Ordinance.java;
			refType = 4;
			sourceTree = "<group>";
		};
		02B3D19E077B11CE0069077B = {
			fileEncoding = 4;
			isa = PBXFileReference;
			lastKnownFileType = sourcecode.java;
			path = Place.java;
			refType = 4;
			sourceTree = "<group>";
		};
		02B3D19F077B11CE0069077B = {
			fileEncoding = 4;
			isa = PBXFileReference;
			lastKnownFileType = sourcecode.java;
			path = Repository.java;
			refType = 4;
			sourceTree = "<group>";
		};
		02B3D1A0077B11CE0069077B = {
			fileEncoding = 4;
			isa = PBXFileReference;
			lastKnownFileType = sourcecode.java;
			path = Source.java;
			refType = 4;
			sourceTree = "<group>";
		};
		02B3D1A1077B11CE0069077B = {
			fileEncoding = 4;
			isa = PBXFileReference;
			lastKnownFileType = sourcecode.java;
			path = Submission.java;
			refType = 4;
			sourceTree = "<group>";
		};
		02B3D1A2077B11CE0069077B = {
			fileEncoding = 4;
			isa = PBXFileReference;
			lastKnownFileType = sourcecode.java;
			path = Submitter.java;
			refType = 4;
			sourceTree = "<group>";
		};
		02B3D1A3077B11CF0069077B = {
			fileEncoding = 4;
			isa = PBXFileReference;
			lastKnownFileType = sourcecode.java;
			path = SurnameList.java;
			refType = 4;
			sourceTree = "<group>";
		};
		02B3D1A4077B11CF0069077B = {
			fileEncoding = 4;
			isa = PBXFileReference;
			lastKnownFileType = sourcecode.java;
			path = Temple.java;
			refType = 4;
			sourceTree = "<group>";
		};
		02B3D1A5077B11CF0069077B = {
			fileEncoding = 4;
			isa = PBXFileReference;
			lastKnownFileType = sourcecode.java;
			path = TempleList.java;
			refType = 4;
			sourceTree = "<group>";
		};
		02B3D1A6077B11CF0069077B = {
			fileEncoding = 4;
			isa = PBXFileReference;
			lastKnownFileType = sourcecode.java;
			path = TempleXML.java;
			refType = 4;
			sourceTree = "<group>";
		};
		02B3D1A7077B11CF0069077B = {
			children = (
				023F05BC07AD1592005A4D0A,
				02B3D1A8077B11CF0069077B,
				02B3D1A9077B11CF0069077B,
				02B3D1AA077B11CF0069077B,
				02B3D1AB077B11CF0069077B,
				02B3D1AC077B11CF0069077B,
				02B3D1AD077B11CF0069077B,
				02B3D1AE077B11CF0069077B,
				02B3D1AF077B11CF0069077B,
			);
			isa = PBXGroup;
			path = test;
			refType = 4;
			sourceTree = "<group>";
		};
		02B3D1A8077B11CF0069077B = {
			fileEncoding = 4;
			isa = PBXFileReference;
			lastKnownFileType = sourcecode.java;
			path = MyEvent.java;
			refType = 4;
			sourceTree = "<group>";
		};
		02B3D1A9077B11CF0069077B = {
			fileEncoding = 4;
			isa = PBXFileReference;
			lastKnownFileType = sourcecode.java;
			path = MyIndividual.java;
			refType = 4;
			sourceTree = "<group>";
		};
		02B3D1AA077B11CF0069077B = {
			fileEncoding = 4;
			isa = PBXFileReference;
			lastKnownFileType = sourcecode.java;
			path = MyMultimedia.java;
			refType = 4;
			sourceTree = "<group>";
		};
		02B3D1AB077B11CF0069077B = {
			fileEncoding = 4;
			isa = PBXFileReference;
			lastKnownFileType = sourcecode.java;
			path = MyNote.java;
			refType = 4;
			sourceTree = "<group>";
		};
		02B3D1AC077B11CF0069077B = {
			fileEncoding = 4;
			isa = PBXFileReference;
			lastKnownFileType = sourcecode.java;
			path = MyOrdinance.java;
			refType = 4;
			sourceTree = "<group>";
		};
		02B3D1AD077B11CF0069077B = {
			fileEncoding = 4;
			isa = PBXFileReference;
			lastKnownFileType = sourcecode.java;
			path = MyPlace.java;
			refType = 4;
			sourceTree = "<group>";
		};
		02B3D1AE077B11CF0069077B = {
			fileEncoding = 4;
			isa = PBXFileReference;
			lastKnownFileType = sourcecode.java;
			path = TestFamily.java;
			refType = 4;
			sourceTree = "<group>";
		};
		02B3D1AF077B11CF0069077B = {
			fileEncoding = 4;
			isa = PBXFileReference;
			lastKnownFileType = sourcecode.java;
			path = Tests.java;
			refType = 4;
			sourceTree = "<group>";
		};
		02B3D1B0077B11CF0069077B = {
			children = (
				0237A2CE07B66682003D9778,
				024E77CF0782F44800B7A2CC,
				02B3D1B1077B11CF0069077B,
				02B3D1B2077B11CF0069077B,
				02B3D1B3077B11CF0069077B,
				02B3D1B4077B11CF0069077B,
			);
			isa = PBXGroup;
			path = util;
			refType = 4;
			sourceTree = "<group>";
		};
		02B3D1B1077B11CF0069077B = {
			fileEncoding = 4;
			isa = PBXFileReference;
			lastKnownFileType = sourcecode.java;
			path = Base64.java;
			refType = 4;
			sourceTree = "<group>";
		};
		02B3D1B2077B11CF0069077B = {
			fileEncoding = 4;
			isa = PBXFileReference;
			lastKnownFileType = sourcecode.java;
			path = Hex.java;
			refType = 4;
			sourceTree = "<group>";
		};
		02B3D1B3077B11CF0069077B = {
			fileEncoding = 4;
			isa = PBXFileReference;
			lastKnownFileType = sourcecode.java;
			path = StringUtils.java;
			refType = 4;
			sourceTree = "<group>";
		};
		02B3D1B4077B11CF0069077B = {
			fileEncoding = 4;
			isa = PBXFileReference;
			lastKnownFileType = sourcecode.java;
			path = XMLTest.java;
			refType = 4;
			sourceTree = "<group>";
		};
		02B3D1B5077B11CF0069077B = {
			fileRef = 02B3D17D077B11CD0069077B;
			isa = PBXBuildFile;
			settings = {
			};
		};
		02B3D1B6077B11CF0069077B = {
			fileRef = 02B3D17E077B11CD0069077B;
			isa = PBXBuildFile;
			settings = {
			};
		};
		02B3D1B7077B11CF0069077B = {
			fileRef = 02B3D17F077B11CD0069077B;
			isa = PBXBuildFile;
			settings = {
			};
		};
		02B3D1B8077B11CF0069077B = {
			fileRef = 02B3D180077B11CD0069077B;
			isa = PBXBuildFile;
			settings = {
			};
		};
		02B3D1B9077B11CF0069077B = {
			fileRef = 02B3D181077B11CD0069077B;
			isa = PBXBuildFile;
			settings = {
			};
		};
		02B3D1BA077B11CF0069077B = {
			fileRef = 02B3D182077B11CD0069077B;
			isa = PBXBuildFile;
			settings = {
			};
		};
		02B3D1BB077B11CF0069077B = {
			fileRef = 02B3D184077B11CE0069077B;
			isa = PBXBuildFile;
			settings = {
			};
		};
		02B3D1BC077B11CF0069077B = {
			fileRef = 02B3D185077B11CE0069077B;
			isa = PBXBuildFile;
			settings = {
			};
		};
		02B3D1BD077B11CF0069077B = {
			fileRef = 02B3D186077B11CE0069077B;
			isa = PBXBuildFile;
			settings = {
			};
		};
		02B3D1BE077B11CF0069077B = {
			fileRef = 02B3D187077B11CE0069077B;
			isa = PBXBuildFile;
			settings = {
			};
		};
		02B3D1BF077B11CF0069077B = {
			fileRef = 02B3D188077B11CE0069077B;
			isa = PBXBuildFile;
			settings = {
			};
		};
		02B3D1C0077B11CF0069077B = {
			fileRef = 02B3D189077B11CE0069077B;
			isa = PBXBuildFile;
			settings = {
			};
		};
		02B3D1C1077B11CF0069077B = {
			fileRef = 02B3D18A077B11CE0069077B;
			isa = PBXBuildFile;
			settings = {
			};
		};
		02B3D1C2077B11CF0069077B = {
			fileRef = 02B3D18B077B11CE0069077B;
			isa = PBXBuildFile;
			settings = {
			};
		};
		02B3D1C3077B11CF0069077B = {
			fileRef = 02B3D18C077B11CE0069077B;
			isa = PBXBuildFile;
			settings = {
			};
		};
		02B3D1C4077B11CF0069077B = {
			fileRef = 02B3D18D077B11CE0069077B;
			isa = PBXBuildFile;
			settings = {
			};
		};
		02B3D1C5077B11CF0069077B = {
			fileRef = 02B3D18E077B11CE0069077B;
			isa = PBXBuildFile;
			settings = {
			};
		};
		02B3D1C6077B11CF0069077B = {
			fileRef = 02B3D18F077B11CE0069077B;
			isa = PBXBuildFile;
			settings = {
			};
		};
		02B3D1C7077B11CF0069077B = {
			fileRef = 02B3D190077B11CE0069077B;
			isa = PBXBuildFile;
			settings = {
			};
		};
		02B3D1C8077B11CF0069077B = {
			fileRef = 02B3D191077B11CE0069077B;
			isa = PBXBuildFile;
			settings = {
			};
		};
		02B3D1C9077B11CF0069077B = {
			fileRef = 02B3D192077B11CE0069077B;
			isa = PBXBuildFile;
			settings = {
			};
		};
		02B3D1CA077B11CF0069077B = {
			fileRef = 02B3D193077B11CE0069077B;
			isa = PBXBuildFile;
			settings = {
			};
		};
		02B3D1CB077B11CF0069077B = {
			fileRef = 02B3D194077B11CE0069077B;
			isa = PBXBuildFile;
			settings = {
			};
		};
		02B3D1CC077B11CF0069077B = {
			fileRef = 02B3D195077B11CE0069077B;
			isa = PBXBuildFile;
			settings = {
			};
		};
		02B3D1CD077B11CF0069077B = {
			fileRef = 02B3D196077B11CE0069077B;
			isa = PBXBuildFile;
			settings = {
			};
		};
		02B3D1CE077B11CF0069077B = {
			fileRef = 02B3D197077B11CE0069077B;
			isa = PBXBuildFile;
			settings = {
			};
		};
		02B3D1CF077B11CF0069077B = {
			fileRef = 02B3D198077B11CE0069077B;
			isa = PBXBuildFile;
			settings = {
			};
		};
		02B3D1D0077B11CF0069077B = {
			fileRef = 02B3D199077B11CE0069077B;
			isa = PBXBuildFile;
			settings = {
			};
		};
		02B3D1D1077B11CF0069077B = {
			fileRef = 02B3D19A077B11CE0069077B;
			isa = PBXBuildFile;
			settings = {
			};
		};
		02B3D1D2077B11CF0069077B = {
			fileRef = 02B3D19B077B11CE0069077B;
			isa = PBXBuildFile;
			settings = {
			};
		};
		02B3D1D3077B11CF0069077B = {
			fileRef = 02B3D19C077B11CE0069077B;
			isa = PBXBuildFile;
			settings = {
			};
		};
		02B3D1D4077B11CF0069077B = {
			fileRef = 02B3D19D077B11CE0069077B;
			isa = PBXBuildFile;
			settings = {
			};
		};
		02B3D1D5077B11CF0069077B = {
			fileRef = 02B3D19E077B11CE0069077B;
			isa = PBXBuildFile;
			settings = {
			};
		};
		02B3D1D6077B11CF0069077B = {
			fileRef = 02B3D19F077B11CE0069077B;
			isa = PBXBuildFile;
			settings = {
			};
		};
		02B3D1D7077B11CF0069077B = {
			fileRef = 02B3D1A0077B11CE0069077B;
			isa = PBXBuildFile;
			settings = {
			};
		};
		02B3D1D8077B11CF0069077B = {
			fileRef = 02B3D1A1077B11CE0069077B;
			isa = PBXBuildFile;
			settings = {
			};
		};
		02B3D1D9077B11CF0069077B = {
			fileRef = 02B3D1A2077B11CE0069077B;
			isa = PBXBuildFile;
			settings = {
			};
		};
		02B3D1DA077B11CF0069077B = {
			fileRef = 02B3D1A3077B11CF0069077B;
			isa = PBXBuildFile;
			settings = {
			};
		};
		02B3D1DB077B11CF0069077B = {
			fileRef = 02B3D1A4077B11CF0069077B;
			isa = PBXBuildFile;
			settings = {
			};
		};
		02B3D1DC077B11CF0069077B = {
			fileRef = 02B3D1A5077B11CF0069077B;
			isa = PBXBuildFile;
			settings = {
			};
		};
		02B3D1DD077B11CF0069077B = {
			fileRef = 02B3D1A6077B11CF0069077B;
			isa = PBXBuildFile;
			settings = {
			};
		};
		02B3D1DE077B11CF0069077B = {
			fileRef = 02B3D1A8077B11CF0069077B;
			isa = PBXBuildFile;
			settings = {
			};
		};
		02B3D1DF077B11CF0069077B = {
			fileRef = 02B3D1A9077B11CF0069077B;
			isa = PBXBuildFile;
			settings = {
			};
		};
		02B3D1E0077B11CF0069077B = {
			fileRef = 02B3D1AA077B11CF0069077B;
			isa = PBXBuildFile;
			settings = {
			};
		};
		02B3D1E1077B11CF0069077B = {
			fileRef = 02B3D1AB077B11CF0069077B;
			isa = PBXBuildFile;
			settings = {
			};
		};
		02B3D1E2077B11CF0069077B = {
			fileRef = 02B3D1AC077B11CF0069077B;
			isa = PBXBuildFile;
			settings = {
			};
		};
		02B3D1E3077B11CF0069077B = {
			fileRef = 02B3D1AD077B11CF0069077B;
			isa = PBXBuildFile;
			settings = {
			};
		};
		02B3D1E4077B11CF0069077B = {
			fileRef = 02B3D1AE077B11CF0069077B;
			isa = PBXBuildFile;
			settings = {
			};
		};
		02B3D1E5077B11CF0069077B = {
			fileRef = 02B3D1AF077B11CF0069077B;
			isa = PBXBuildFile;
			settings = {
			};
		};
		02B3D1E6077B11CF0069077B = {
			fileRef = 02B3D1B1077B11CF0069077B;
			isa = PBXBuildFile;
			settings = {
			};
		};
		02B3D1E7077B11CF0069077B = {
			fileRef = 02B3D1B2077B11CF0069077B;
			isa = PBXBuildFile;
			settings = {
			};
		};
		02B3D1E8077B11CF0069077B = {
			fileRef = 02B3D1B3077B11CF0069077B;
			isa = PBXBuildFile;
			settings = {
			};
		};
		02B3D1E9077B11CF0069077B = {
			fileRef = 02B3D1B4077B11CF0069077B;
			isa = PBXBuildFile;
			settings = {
			};
		};
		02C50B0E0621296600B54464 = {
			isa = PBXFileReference;
			lastKnownFileType = archive.jar;
			name = xalan.jar;
			path = lib/xalan.jar;
			refType = 4;
			sourceTree = "<group>";
		};
		02C50B0F0621296600B54464 = {
			isa = PBXFileReference;
			lastKnownFileType = archive.jar;
			name = xerces.jar;
			path = lib/xerces.jar;
			refType = 4;
			sourceTree = "<group>";
		};
		02C50B100621296600B54464 = {
			isa = PBXFileReference;
			lastKnownFileType = archive.jar;
			name = "xml-apis.jar";
			path = "lib/xml-apis.jar";
			refType = 4;
			sourceTree = "<group>";
		};
		02C50B110621296700B54464 = {
			fileRef = 02C50B0E0621296600B54464;
			isa = PBXBuildFile;
			settings = {
			};
		};
		02C50B120621296800B54464 = {
			fileRef = 02C50B0F0621296600B54464;
			isa = PBXBuildFile;
			settings = {
			};
		};
		02C50B130621296800B54464 = {
			fileRef = 02C50B100621296600B54464;
			isa = PBXBuildFile;
			settings = {
			};
		};
		02C50B5306212E8700B54464 = {
			fileRef = 02C50B0E0621296600B54464;
			isa = PBXBuildFile;
			settings = {
			};
		};
		02C50B5406212E8700B54464 = {
			fileRef = 02C50B0F0621296600B54464;
			isa = PBXBuildFile;
			settings = {
			};
		};
		02C50B5506212E8700B54464 = {
			fileRef = 02C50B100621296600B54464;
			isa = PBXBuildFile;
			settings = {
			};
		};
//020
//021
//022
//023
//024
//040
//041
//042
//043
//044
		043355CEFE303625C02AAC07 = {
			buildActionMask = 2147483647;
			files = (
			);
			isa = PBXJavaArchiveBuildPhase;
			runOnlyForDeploymentPostprocessing = 0;
		};
//040
//041
//042
//043
//044
//080
//081
//082
//083
//084
		080E96D9FE201CDB7F000001 = {
			fileRef = 2A37F4B9FDCFA73011CA2CEA;
			isa = PBXBuildFile;
			settings = {
			};
		};
		080E96DAFE201CDB7F000001 = {
			fileRef = 2A37F4B6FDCFA73011CA2CEA;
			isa = PBXBuildFile;
			settings = {
			};
		};
		080E96DBFE201CDB7F000001 = {
			fileRef = 2A37F4B4FDCFA73011CA2CEA;
			isa = PBXBuildFile;
			settings = {
			};
		};
		089C165FFE840EACC02AAC07 = {
			children = (
				089C1660FE840EACC02AAC07,
			);
			isa = PBXVariantGroup;
			name = InfoPlist.strings;
			path = "";
			refType = 4;
			sourceTree = "<group>";
		};
		089C1660FE840EACC02AAC07 = {
			fileEncoding = 10;
			isa = PBXFileReference;
			lastKnownFileType = text.plist.strings;
			name = English;
			path = English.lproj/InfoPlist.strings;
			refType = 4;
			sourceTree = "<group>";
		};
		089C1661FE840EACC02AAC07 = {
			fileRef = 089C165FFE840EACC02AAC07;
			isa = PBXBuildFile;
			settings = {
			};
		};
//080
//081
//082
//083
//084
//100
//101
//102
//103
//104
		1058C7A7FEA54F5311CA2CBB = {
			isa = PBXFileReference;
			lastKnownFileType = wrapper.framework;
			name = Cocoa.framework;
			path = /System/Library/Frameworks/Cocoa.framework;
			refType = 0;
			sourceTree = "<absolute>";
		};
		1058C7A9FEA54F5311CA2CBB = {
			fileRef = 1058C7A7FEA54F5311CA2CBB;
			isa = PBXBuildFile;
			settings = {
			};
		};
//100
//101
//102
//103
//104
//110
//111
//112
//113
//114
		116DBC1EFEF5915911CA2CEA = {
			fileRef = 2A37F4ACFDCFA73011CA2CEA;
			isa = PBXBuildFile;
			settings = {
				ATTRIBUTES = (
				);
			};
		};
//110
//111
//112
//113
//114
//170
//171
//172
//173
//174
		1758732CFF379DAD11CA2CBB = {
			explicitFileType = wrapper.application;
			isa = PBXFileReference;
			path = MacPAF.app;
			refType = 3;
			sourceTree = BUILT_PRODUCTS_DIR;
		};
//170
//171
//172
//173
//174
//190
//191
//192
//193
//194
		19C28FB0FE9D524F11CA2CBB = {
			children = (
				1758732CFF379DAD11CA2CBB,
			);
			isa = PBXGroup;
			name = Products;
			refType = 4;
			sourceTree = "<group>";
		};
//190
//191
//192
//193
//194
//2A0
//2A1
//2A2
//2A3
//2A4
		2A37F4A9FDCFA73011CA2CEA = {
			buildSettings = {
				MACOSX_DEPLOYMENT_TARGET = 10.1;
				SDKROOT = /Developer/SDKs/MacOSX10.1.5.sdk;
			};
			buildStyles = (
				4A9504D6FFE6A4CB11CA0CBA,
				4A9504D7FFE6A4CB11CA0CBA,
			);
			hasScannedForEncodings = 1;
			isa = PBXProject;
			mainGroup = 2A37F4AAFDCFA73011CA2CEA;
			projectDirPath = "";
			targets = (
				2A37F4C6FDCFA73011CA2CEA,
			);
		};
		2A37F4AAFDCFA73011CA2CEA = {
			children = (
				32DBCF800370BD9700C91783,
				32DBCF810370BDA300C91783,
				02218D9AFECEFA92C02AAC07,
				2A37F4C3FDCFA73011CA2CEA,
				19C28FB0FE9D524F11CA2CBB,
			);
			isa = PBXGroup;
			name = MacPAF;
			path = "";
			refType = 4;
			sourceTree = "<group>";
		};
		2A37F4ACFDCFA73011CA2CEA = {
			fileEncoding = 4;
			isa = PBXFileReference;
			lastKnownFileType = sourcecode.java;
			name = MyDocument.java;
			path = src/MyDocument.java;
			refType = 4;
			sourceTree = "<group>";
		};
		2A37F4B0FDCFA73011CA2CEA = {
			fileEncoding = 30;
			isa = PBXFileReference;
			lastKnownFileType = sourcecode.c.objc;
			path = main.m;
			refType = 4;
			sourceTree = "<group>";
		};
		2A37F4B4FDCFA73011CA2CEA = {
			children = (
				2A37F4B5FDCFA73011CA2CEA,
			);
			isa = PBXVariantGroup;
			name = MyDocument.nib;
			path = "";
			refType = 4;
			sourceTree = "<group>";
		};
		2A37F4B5FDCFA73011CA2CEA = {
			isa = PBXFileReference;
			lastKnownFileType = wrapper.nib;
			name = English;
			path = English.lproj/MyDocument.nib;
			refType = 4;
			sourceTree = "<group>";
		};
		2A37F4B6FDCFA73011CA2CEA = {
			children = (
				2A37F4B7FDCFA73011CA2CEA,
			);
			isa = PBXVariantGroup;
			name = MainMenu.nib;
			path = "";
			refType = 4;
			sourceTree = "<group>";
		};
		2A37F4B7FDCFA73011CA2CEA = {
			isa = PBXFileReference;
			lastKnownFileType = wrapper.nib;
			name = English;
			path = English.lproj/MainMenu.nib;
			refType = 4;
			sourceTree = "<group>";
		};
		2A37F4B9FDCFA73011CA2CEA = {
			children = (
				2A37F4BAFDCFA73011CA2CEA,
			);
			isa = PBXVariantGroup;
			name = Credits.rtf;
			path = "";
			refType = 4;
			sourceTree = "<group>";
		};
		2A37F4BAFDCFA73011CA2CEA = {
			isa = PBXFileReference;
			lastKnownFileType = text.rtf;
			name = English;
			path = English.lproj/Credits.rtf;
			refType = 4;
			sourceTree = "<group>";
		};
		2A37F4C3FDCFA73011CA2CEA = {
			children = (
				02370211062059920087E765,
				023701D7062056080087E765,
				026ED7F205D9330B0001D1D2,
				026ED7F305D9330B0001D1D2,
				026ED7F405D9330B0001D1D2,
				026ED7F505D9330B0001D1D2,
				026ED7F605D9330B0001D1D2,
				026ED7F705D9330B0001D1D2,
				02C50B0E0621296600B54464,
				02C50B0F0621296600B54464,
				02C50B100621296600B54464,
				1058C7A7FEA54F5311CA2CBB,
				2A37F4C5FDCFA73011CA2CEA,
				2A37F4C4FDCFA73011CA2CEA,
			);
			isa = PBXGroup;
			name = Frameworks;
			path = "";
			refType = 4;
			sourceTree = "<group>";
		};
		2A37F4C4FDCFA73011CA2CEA = {
			isa = PBXFileReference;
			lastKnownFileType = wrapper.framework;
			name = AppKit.framework;
			path = /System/Library/Frameworks/AppKit.framework;
			refType = 0;
			sourceTree = "<absolute>";
		};
		2A37F4C5FDCFA73011CA2CEA = {
			isa = PBXFileReference;
			lastKnownFileType = wrapper.framework;
			name = Foundation.framework;
			path = /System/Library/Frameworks/Foundation.framework;
			refType = 0;
			sourceTree = "<absolute>";
		};
		2A37F4C6FDCFA73011CA2CEA = {
			buildPhases = (
				2A37F4C7FDCFA73011CA2CEA,
				2A37F4C9FDCFA73011CA2CEA,
				2A37F4CEFDCFA73011CA2CEA,
				043355CEFE303625C02AAC07,
				2A37F4D1FDCFA73011CA2CEA,
				027C6AD405D9445900C91D7B,
			);
			buildSettings = {
				FRAMEWORK_SEARCH_PATHS = "";
				HEADER_SEARCH_PATHS = "";
				INSTALL_PATH = "$(HOME)/Applications";
				JAVAC_SOURCE_FILE_ENCODING = "UTF-8";
				JAVA_COMPILER_DEPRECATED_WARNINGS = YES;
				JAVA_COMPILER_SOURCE_VERSION = 1.3;
				JAVA_COMPILER_TARGET_VM_VERSION = 1.3;
				JAVA_SOURCE_SUBDIR = .;
				LIBRARY_SEARCH_PATHS = "";
				OPTIMIZATION_CFLAGS = "-O0";
				OTHER_CFLAGS = "";
				OTHER_LDFLAGS = "";
				PRECOMPILE_PREFIX_HEADER = YES;
				PREFIX_HEADER = MacPAF_Prefix.h;
				PRODUCT_NAME = MacPAF;
				PROFILING_CODE = YES;
				SECTORDER_FLAGS = "";
				WARNING_CFLAGS = "-Wmost -Wno-four-char-constants -Wno-unknown-pragmas";
				WRAPPER_EXTENSION = app;
			};
			dependencies = (
			);
			isa = PBXApplicationTarget;
			name = MacPAF;
			productInstallPath = "$(HOME)/Applications";
			productName = MacPAF;
			productReference = 1758732CFF379DAD11CA2CBB;
			productSettingsXML = "<?xml version=\"1.0\" encoding=\"UTF-8\"?>
<!DOCTYPE plist PUBLIC \"-//Apple Computer//DTD PLIST 1.0//EN\" \"http://www.apple.com/DTDs/PropertyList-1.0.dtd\">
<plist version=\"1.0\">
<dict>
	<key>CFBundleDevelopmentRegion</key>
	<string>English</string>
	<key>CFBundleDocumentTypes</key>
	<array>
		<dict>
			<key>CFBundleTypeExtensions</key>
			<array>
				<string>macpaf</string>
			</array>
			<key>CFBundleTypeIconFile</key>
			<string></string>
			<key>CFBundleTypeName</key>
			<string>MacPAF File</string>
			<key>CFBundleTypeRole</key>
			<string>Editor</string>
			<key>LSTypeIsPackage</key>
			<true/>
			<key>NSDocumentClass</key>
			<string>MyDocument</string>
		</dict>
		<dict>
			<key>CFBundleTypeExtensions</key>
			<array>
				<string>ged</string>
				<string>GED</string>
				<string>Ged</string>
				<string>xml</string>
			</array>
			<key>CFBundleTypeName</key>
			<string>GEDCOM File (.ged)</string>
			<key>CFBundleTypeOSTypes</key>
			<array>
				<string>TEXT</string>
				<string>FAMP</string>
			</array>
			<key>CFBundleTypeRole</key>
			<string>Viewer</string>
			<key>NSDocumentClass</key>
			<string>MyDocument</string>
		</dict>
	</array>
	<key>CFBundleExecutable</key>
	<string>MacPAF</string>
	<key>CFBundleGetInfoString</key>
	<string>0.1</string>
	<key>CFBundleIconFile</key>
	<string>Tree</string>
	<key>CFBundleIdentifier</key>
	<string>com.redbugz.MacPAF</string>
	<key>CFBundleInfoDictionaryVersion</key>
	<string>6.0</string>
	<key>CFBundleName</key>
	<string>MacPAF</string>
	<key>CFBundlePackageType</key>
	<string>APPL</string>
	<key>CFBundleShortVersionString</key>
	<string>0.1</string>
	<key>CFBundleSignature</key>
	<string>????</string>
	<key>CFBundleVersion</key>
	<string>0.1</string>
	<key>Java</key>
	<dict>
		<key>JVMVersion</key>
		<string>1.3+</string>
		<key>VMOptions</key>
		<string>-Xmx256m -Dlog4j.debug=true</string>
	</dict>
	<key>NSJavaNeeded</key>
	<string>YES</string>
	<key>NSJavaPath</key>
	<array>
		<string>MacPAF.jar</string>
		<string>lib/castor-0.9.4.3.jar</string>
		<string>lib/gedcom.jar</string>
		<string>lib/jaxen-core.jar</string>
		<string>lib/jaxen-jdom.jar</string>
		<string>lib/jdom.jar</string>
		<string>lib/saxpath.jar</string>
		<string>lib/xerces.jar</string>
		<string>lib/</string>
		<string>lib/log4j-1.2.8.jar</string>
		<string>lib/xalan.jar</string>
		<string>lib/xml-apis.jar</string>
	</array>
	<key>NSJavaRoot</key>
	<string>Contents/Resources/Java</string>
	<key>NSMainNibFile</key>
	<string>MainMenu</string>
	<key>NSPrincipalClass</key>
	<string>NSApplication</string>
</dict>
</plist>
";
		};
		2A37F4C7FDCFA73011CA2CEA = {
			buildActionMask = 2147483647;
			files = (
				32DBCF830370BDBC00C91783,
			);
			isa = PBXHeadersBuildPhase;
			runOnlyForDeploymentPostprocessing = 0;
		};
		2A37F4C9FDCFA73011CA2CEA = {
			buildActionMask = 2147483647;
			files = (
				080E96D9FE201CDB7F000001,
				080E96DAFE201CDB7F000001,
				080E96DBFE201CDB7F000001,
				089C1661FE840EACC02AAC07,
				026ED7D805D932E50001D1D2,
				026ED7DA05D932E50001D1D2,
				026ED7DB05D932E50001D1D2,
				026ED7DC05D932E50001D1D2,
				026ED7DD05D932E50001D1D2,
				026ED7E105D932E50001D1D2,
				026ED7E205D932E50001D1D2,
				026ED7E305D932E50001D1D2,
				026ED7E405D932E50001D1D2,
				026ED7E505D932E50001D1D2,
				026ED7E605D932E50001D1D2,
				026ED7E705D932E50001D1D2,
				026ED7E805D932E50001D1D2,
				026ED7E905D932E50001D1D2,
				027D36AE0707D2BE00F146F8,
				027D36AF0707D2BE00F146F8,
				027D36B40707D41E00F146F8,
				027D36B50707D41E00F146F8,
				027D36B60707D41E00F146F8,
				027D36B70707D42100F146F8,
				026BF51807AD765200CBA37C,
				026BF51A07AD992300CBA37C,
			);
			isa = PBXResourcesBuildPhase;
			runOnlyForDeploymentPostprocessing = 0;
		};
		2A37F4CEFDCFA73011CA2CEA = {
			buildActionMask = 2147483647;
			files = (
				2A37F4D0FDCFA73011CA2CEA,
				0237023006205C5B0087E765,
				116DBC1EFEF5915911CA2CEA,
				026ED74C05D932BD0001D1D2,
				026ED77205D932BD0001D1D2,
				026ED77305D932BD0001D1D2,
				026ED77405D932BD0001D1D2,
				026ED77505D932BD0001D1D2,
				026ED77605D932BD0001D1D2,
				026ED77705D932BD0001D1D2,
				026ED77805D932BD0001D1D2,
				026ED77905D932BD0001D1D2,
				026ED77A05D932BD0001D1D2,
				026ED77B05D932BD0001D1D2,
				026ED77C05D932BD0001D1D2,
				026ED77D05D932BD0001D1D2,
				026ED77E05D932BD0001D1D2,
				026ED77F05D932BD0001D1D2,
				02907686060568E800F1763A,
				02753D03066A46890059C930,
				025957D306FE4C62002B654B,
				027D36AB0707D05600F146F8,
				02B3D1B5077B11CF0069077B,
				02B3D1B6077B11CF0069077B,
				02B3D1B7077B11CF0069077B,
				02B3D1B8077B11CF0069077B,
				02B3D1B9077B11CF0069077B,
				02B3D1BA077B11CF0069077B,
				02B3D1BB077B11CF0069077B,
				02B3D1BC077B11CF0069077B,
				02B3D1BD077B11CF0069077B,
				02B3D1BE077B11CF0069077B,
				02B3D1BF077B11CF0069077B,
				02B3D1C0077B11CF0069077B,
				02B3D1C1077B11CF0069077B,
				02B3D1C2077B11CF0069077B,
				02B3D1C3077B11CF0069077B,
				02B3D1C4077B11CF0069077B,
				02B3D1C5077B11CF0069077B,
				02B3D1C6077B11CF0069077B,
				02B3D1C7077B11CF0069077B,
				02B3D1C8077B11CF0069077B,
				02B3D1C9077B11CF0069077B,
				02B3D1CA077B11CF0069077B,
				02B3D1CB077B11CF0069077B,
				02B3D1CC077B11CF0069077B,
				02B3D1CD077B11CF0069077B,
				02B3D1CE077B11CF0069077B,
				02B3D1CF077B11CF0069077B,
				02B3D1D0077B11CF0069077B,
				02B3D1D1077B11CF0069077B,
				02B3D1D2077B11CF0069077B,
				02B3D1D3077B11CF0069077B,
				02B3D1D4077B11CF0069077B,
				02B3D1D5077B11CF0069077B,
				02B3D1D6077B11CF0069077B,
				02B3D1D7077B11CF0069077B,
				02B3D1D8077B11CF0069077B,
				02B3D1D9077B11CF0069077B,
				02B3D1DA077B11CF0069077B,
				02B3D1DB077B11CF0069077B,
				02B3D1DC077B11CF0069077B,
				02B3D1DD077B11CF0069077B,
				02B3D1DE077B11CF0069077B,
				02B3D1DF077B11CF0069077B,
				02B3D1E0077B11CF0069077B,
				02B3D1E1077B11CF0069077B,
				02B3D1E2077B11CF0069077B,
				02B3D1E3077B11CF0069077B,
				02B3D1E4077B11CF0069077B,
				02B3D1E5077B11CF0069077B,
				02B3D1E6077B11CF0069077B,
				02B3D1E7077B11CF0069077B,
				02B3D1E8077B11CF0069077B,
				02B3D1E9077B11CF0069077B,
				024E77D00782F44800B7A2CC,
				0250C09D07AC858500AC3629,
				023F05BD07AD1592005A4D0A,
				023F05C107AD16B5005A4D0A,
				0237A2CF07B66682003D9778,
			);
			isa = PBXSourcesBuildPhase;
			runOnlyForDeploymentPostprocessing = 0;
		};
		2A37F4D0FDCFA73011CA2CEA = {
			fileRef = 2A37F4B0FDCFA73011CA2CEA;
			isa = PBXBuildFile;
			settings = {
				ATTRIBUTES = (
				);
			};
		};
		2A37F4D1FDCFA73011CA2CEA = {
			buildActionMask = 2147483647;
			files = (
				1058C7A9FEA54F5311CA2CBB,
				026ED7F905D9330B0001D1D2,
				026ED7FA05D9330B0001D1D2,
				026ED7FB05D9330B0001D1D2,
				026ED7FC05D9330B0001D1D2,
				026ED7FD05D9330B0001D1D2,
				026ED7FE05D9330B0001D1D2,
				023701D8062056080087E765,
				02C50B110621296700B54464,
				02C50B120621296800B54464,
				02C50B130621296800B54464,
			);
			isa = PBXFrameworksBuildPhase;
			runOnlyForDeploymentPostprocessing = 0;
		};
//2A0
//2A1
//2A2
//2A3
//2A4
//320
//321
//322
//323
//324
		32DBCF800370BD9700C91783 = {
			children = (
				02B3D17A077B11CD0069077B,
				027D36AA0707D05600F146F8,
				026ED71205D932BC0001D1D2,
				026ED73C05D932BD0001D1D2,
				026ED73D05D932BD0001D1D2,
				026ED73E05D932BD0001D1D2,
				026ED73F05D932BD0001D1D2,
				026ED74405D932BD0001D1D2,
				026ED74505D932BD0001D1D2,
				026ED74605D932BD0001D1D2,
				026ED74705D932BD0001D1D2,
				02907685060568E800F1763A,
				026ED74805D932BD0001D1D2,
				02753D02066A46890059C930,
				026ED74905D932BD0001D1D2,
				026ED74A05D932BD0001D1D2,
				2A37F4ACFDCFA73011CA2CEA,
				025957D206FE4C61002B654B,
			);
			isa = PBXGroup;
			name = Classes;
			refType = 4;
			sourceTree = "<group>";
		};
		32DBCF810370BDA300C91783 = {
			children = (
				32DBCF820370BDBC00C91783,
				2A37F4B0FDCFA73011CA2CEA,
			);
			isa = PBXGroup;
			name = "Other Sources";
			path = "";
			refType = 4;
			sourceTree = "<group>";
		};
		32DBCF820370BDBC00C91783 = {
			fileEncoding = 4;
			isa = PBXFileReference;
			lastKnownFileType = sourcecode.c.h;
			path = MacPAF_Prefix.h;
			refType = 4;
			sourceTree = "<group>";
		};
		32DBCF830370BDBC00C91783 = {
			fileRef = 32DBCF820370BDBC00C91783;
			isa = PBXBuildFile;
			settings = {
			};
		};
//320
//321
//322
//323
//324
//4A0
//4A1
//4A2
//4A3
//4A4
		4A9504D6FFE6A4CB11CA0CBA = {
			buildSettings = {
				COPY_PHASE_STRIP = NO;
				GCC_DYNAMIC_NO_PIC = NO;
				GCC_ENABLE_FIX_AND_CONTINUE = YES;
				GCC_GENERATE_DEBUGGING_SYMBOLS = YES;
				GCC_OPTIMIZATION_LEVEL = 0;
				OPTIMIZATION_CFLAGS = "-O0";
				ZERO_LINK = YES;
			};
			isa = PBXBuildStyle;
			name = Development;
		};
		4A9504D7FFE6A4CB11CA0CBA = {
			buildSettings = {
				COPY_PHASE_STRIP = YES;
				GCC_ENABLE_FIX_AND_CONTINUE = NO;
				ZERO_LINK = NO;
			};
			isa = PBXBuildStyle;
			name = Deployment;
		};
	};
	rootObject = 2A37F4A9FDCFA73011CA2CEA;
}
